{
  "requires": true,
  "lockfileVersion": 1,
  "dependencies": {
    "react-app-rewire-eslint": {
      "version": "0.2.3",
      "resolved": "http://registry.npm.taobao.org/react-app-rewire-eslint/download/react-app-rewire-eslint-0.2.3.tgz",
      "integrity": "sha1-iOk9dFacM/4iGF1G9qK1IcTdf7Y=",
      "dev": true
    }
  }
}
